
Microsoft Visual Studio Solution File, Format Version 12.00
# Visual Studio Version 17
VisualStudioVersion = 17.2.32616.157
MinimumVisualStudioVersion = 10.0.40219.1
Project("{FAE04EC0-301F-11D3-BF4B-00C04F79EFBC}") = "SocketSaber", "SocketSaber\SocketSaber.csproj", "{5D61265B-E964-4B03-963C-D3968F30E43E}"
EndProject
Global
	GlobalSection(SolutionConfigurationPlatforms) = preSolution
		Debug|Any CPU = Debug|Any CPU
		Release|Any CPU = Release|Any CPU
	EndGlobalSection
	GlobalSection(ProjectConfigurationPlatforms) = postSolution
		{5D61265B-E964-4B03-963C-D3968F30E43E}.Debug|Any CPU.ActiveCfg = Debug|Any CPU
		{5D61265B-E964-4B03-963C-D3968F30E43E}.Debug|Any CPU.Build.0 = Debug|Any CPU
		{5D61265B-E964-4B03-963C-D3968F30E43E}.Release|Any CPU.ActiveCfg = Release|Any CPU
		{5D61265B-E964-4B03-963C-D3968F30E43E}.Release|Any CPU.Build.0 = Release|Any CPU
	EndGlobalSection
	GlobalSection(SolutionProperties) = preSolution
		HideSolutionNode = FALSE
	EndGlobalSection
	GlobalSection(ExtensibilityGlobals) = postSolution
		SolutionGuid = {D4B11469-924C-433D-BEAB-ED9506B6FFA4}
	EndGlobalSection
EndGlobal
